
Microsoft Visual Studio Solution File, Format Version 12.00
# Visual Studio Version 17
VisualStudioVersion = 17.12.35527.113
MinimumVisualStudioVersion = 10.0.40219.1
Project("{2150E333-8FDC-42A3-9474-1A3956D46DE8}") = "Solution Items", "Solution Items", "{7BD91A22-E381-4B18-B5F0-B4408EA211DD}"
	ProjectSection(SolutionItems) = preProject
		.editorconfig = .editorconfig
		.gitignore = .gitignore
		Directory.Build.props = Directory.Build.props
	EndProjectSection
EndProject
Project("{2150E333-8FDC-42A3-9474-1A3956D46DE8}") = "Services", "Services", "{0A15F4D0-825F-4A19-BEEA-A62D0DD01010}"
EndProject
Project("{FAE04EC0-301F-11D3-BF4B-00C04F79EFBC}") = "SomeSandwich.Donut.Identity", "src\SomeSandwich.Donut.Identity\SomeSandwich.Donut.Identity.csproj", "{B4FEEC5A-043F-4370-8809-A1E913F795D8}"
EndProject
Project("{2150E333-8FDC-42A3-9474-1A3956D46DE8}") = "src", "src", "{9D47D470-34A1-4F9D-B086-14403B5B249B}"
EndProject
Project("{E53339B2-1760-4266-BCC7-CA923CBCF16C}") = "docker-compose", "docker-compose.dcproj", "{A09AAC77-230A-4746-8835-CBF0DDCF4FFE}"
EndProject
Project("{FAE04EC0-301F-11D3-BF4B-00C04F79EFBC}") = "SomeSandwich.Donut.Link", "src\SomeSandwich.Donut.Link\SomeSandwich.Donut.Link.csproj", "{67AD357A-391D-4228-AB9D-438279769863}"
EndProject
Project("{2150E333-8FDC-42A3-9474-1A3956D46DE8}") = "Common", "Common", "{CC469977-6985-45DB-B69A-433AF24005EC}"
EndProject
Project("{FAE04EC0-301F-11D3-BF4B-00C04F79EFBC}") = "SomeSandwich.Donut.Application.Common", "src\SomeSandwich.Donut.Application.Common\SomeSandwich.Donut.Application.Common.csproj", "{565BDC2E-1E3F-4144-A53B-46E0FC35FECE}"
EndProject
Project("{2150E333-8FDC-42A3-9474-1A3956D46DE8}") = "Domain", "Domain", "{117695D1-B8E9-4BA7-81A7-03B60E777142}"
EndProject
Project("{FAE04EC0-301F-11D3-BF4B-00C04F79EFBC}") = "SomeSandwich.Donut.Domain", "src\SomeSandwich.Donut.Domain\SomeSandwich.Donut.Domain.csproj", "{AF430C21-51B5-4277-ACEE-BD79F663BC50}"
EndProject
Project("{FAE04EC0-301F-11D3-BF4B-00C04F79EFBC}") = "SomeSandwich.Donut.Abstractions", "src\SomeSandwich.Donut.Abstractions\SomeSandwich.Donut.Abstractions.csproj", "{41F225BB-E1AE-4E51-AE13-E2A6016531D0}"
EndProject
Global
	GlobalSection(SolutionConfigurationPlatforms) = preSolution
		Debug|Any CPU = Debug|Any CPU
		Release|Any CPU = Release|Any CPU
	EndGlobalSection
	GlobalSection(ProjectConfigurationPlatforms) = postSolution
		{B4FEEC5A-043F-4370-8809-A1E913F795D8}.Debug|Any CPU.ActiveCfg = Debug|Any CPU
		{B4FEEC5A-043F-4370-8809-A1E913F795D8}.Debug|Any CPU.Build.0 = Debug|Any CPU
		{B4FEEC5A-043F-4370-8809-A1E913F795D8}.Release|Any CPU.ActiveCfg = Release|Any CPU
		{B4FEEC5A-043F-4370-8809-A1E913F795D8}.Release|Any CPU.Build.0 = Release|Any CPU
		{A09AAC77-230A-4746-8835-CBF0DDCF4FFE}.Debug|Any CPU.ActiveCfg = Debug|Any CPU
		{A09AAC77-230A-4746-8835-CBF0DDCF4FFE}.Debug|Any CPU.Build.0 = Debug|Any CPU
		{A09AAC77-230A-4746-8835-CBF0DDCF4FFE}.Release|Any CPU.ActiveCfg = Release|Any CPU
		{A09AAC77-230A-4746-8835-CBF0DDCF4FFE}.Release|Any CPU.Build.0 = Release|Any CPU
		{67AD357A-391D-4228-AB9D-438279769863}.Debug|Any CPU.ActiveCfg = Debug|Any CPU
		{67AD357A-391D-4228-AB9D-438279769863}.Debug|Any CPU.Build.0 = Debug|Any CPU
		{67AD357A-391D-4228-AB9D-438279769863}.Release|Any CPU.ActiveCfg = Release|Any CPU
		{67AD357A-391D-4228-AB9D-438279769863}.Release|Any CPU.Build.0 = Release|Any CPU
		{565BDC2E-1E3F-4144-A53B-46E0FC35FECE}.Debug|Any CPU.ActiveCfg = Debug|Any CPU
		{565BDC2E-1E3F-4144-A53B-46E0FC35FECE}.Debug|Any CPU.Build.0 = Debug|Any CPU
		{565BDC2E-1E3F-4144-A53B-46E0FC35FECE}.Release|Any CPU.ActiveCfg = Release|Any CPU
		{565BDC2E-1E3F-4144-A53B-46E0FC35FECE}.Release|Any CPU.Build.0 = Release|Any CPU
		{AF430C21-51B5-4277-ACEE-BD79F663BC50}.Debug|Any CPU.ActiveCfg = Debug|Any CPU
		{AF430C21-51B5-4277-ACEE-BD79F663BC50}.Debug|Any CPU.Build.0 = Debug|Any CPU
		{AF430C21-51B5-4277-ACEE-BD79F663BC50}.Release|Any CPU.ActiveCfg = Release|Any CPU
		{AF430C21-51B5-4277-ACEE-BD79F663BC50}.Release|Any CPU.Build.0 = Release|Any CPU
		{41F225BB-E1AE-4E51-AE13-E2A6016531D0}.Debug|Any CPU.ActiveCfg = Debug|Any CPU
		{41F225BB-E1AE-4E51-AE13-E2A6016531D0}.Debug|Any CPU.Build.0 = Debug|Any CPU
		{41F225BB-E1AE-4E51-AE13-E2A6016531D0}.Release|Any CPU.ActiveCfg = Release|Any CPU
		{41F225BB-E1AE-4E51-AE13-E2A6016531D0}.Release|Any CPU.Build.0 = Release|Any CPU
	EndGlobalSection
	GlobalSection(SolutionProperties) = preSolution
		HideSolutionNode = FALSE
	EndGlobalSection
	GlobalSection(NestedProjects) = preSolution
		{0A15F4D0-825F-4A19-BEEA-A62D0DD01010} = {9D47D470-34A1-4F9D-B086-14403B5B249B}
		{B4FEEC5A-043F-4370-8809-A1E913F795D8} = {0A15F4D0-825F-4A19-BEEA-A62D0DD01010}
		{67AD357A-391D-4228-AB9D-438279769863} = {0A15F4D0-825F-4A19-BEEA-A62D0DD01010}
		{CC469977-6985-45DB-B69A-433AF24005EC} = {9D47D470-34A1-4F9D-B086-14403B5B249B}
		{565BDC2E-1E3F-4144-A53B-46E0FC35FECE} = {CC469977-6985-45DB-B69A-433AF24005EC}
		{117695D1-B8E9-4BA7-81A7-03B60E777142} = {9D47D470-34A1-4F9D-B086-14403B5B249B}
		{AF430C21-51B5-4277-ACEE-BD79F663BC50} = {117695D1-B8E9-4BA7-81A7-03B60E777142}
		{41F225BB-E1AE-4E51-AE13-E2A6016531D0} = {CC469977-6985-45DB-B69A-433AF24005EC}
	EndGlobalSection
EndGlobal
